
Microsoft Visual Studio Solution File, Format Version 12.00
# Visual Studio Version 17
VisualStudioVersion = 17.7.34221.43
MinimumVisualStudioVersion = 10.0.40219.1
Project("{FAE04EC0-301F-11D3-BF4B-00C04F79EFBC}") = "TRRHH_presentation", "TRRHH_presentation\TRRHH_presentation.csproj", "{9AADF9F2-F8EA-4A2C-8F0F-2C4846F1AA63}"
EndProject
Project("{2150E333-8FDC-42A3-9474-1A3956D46DE8}") = "0.TRRHH_entities", "0.TRRHH_entities", "{CD393FD2-7AC4-4A3C-9890-46E731F3B192}"
EndProject
Project("{2150E333-8FDC-42A3-9474-1A3956D46DE8}") = "1.TRRHH_data", "1.TRRHH_data", "{4DB5D823-C72B-45FF-9A61-EB77C15D8504}"
EndProject
Project("{2150E333-8FDC-42A3-9474-1A3956D46DE8}") = "2.TRRHH_bussiness_logic", "2.TRRHH_bussiness_logic", "{C9120E7E-93DA-42A4-96B9-3924824275DB}"
EndProject
Project("{2150E333-8FDC-42A3-9474-1A3956D46DE8}") = "3.TRRHH_presentation", "3.TRRHH_presentation", "{F2BB54AE-4C86-4420-8824-C1D954780C24}"
EndProject
Project("{FAE04EC0-301F-11D3-BF4B-00C04F79EFBC}") = "TRRHH_BE", "TRRHH_BE\TRRHH_BE.csproj", "{B5D972CE-E171-4253-BA8C-FBD6029776AB}"
EndProject
Project("{FAE04EC0-301F-11D3-BF4B-00C04F79EFBC}") = "TRRHH_DATA", "TRRHH_DATA\TRRHH_DATA.csproj", "{380B6A98-FEBE-4F10-9A93-6E45EECAEC8D}"
EndProject
Project("{FAE04EC0-301F-11D3-BF4B-00C04F79EFBC}") = "TRRHH_EF", "TRRHH_EF\TRRHH_EF.csproj", "{727BB451-DACB-4D34-983A-9A53454006A5}"
EndProject
Project("{FAE04EC0-301F-11D3-BF4B-00C04F79EFBC}") = "TRRHH_BL", "TRRHH_BL\TRRHH_BL.csproj", "{84C61B79-4FCF-4B0B-BEE8-88A2A5FF8C50}"
EndProject
Global
	GlobalSection(SolutionConfigurationPlatforms) = preSolution
		Debug|Any CPU = Debug|Any CPU
		Release|Any CPU = Release|Any CPU
	EndGlobalSection
	GlobalSection(ProjectConfigurationPlatforms) = postSolution
		{9AADF9F2-F8EA-4A2C-8F0F-2C4846F1AA63}.Debug|Any CPU.ActiveCfg = Debug|Any CPU
		{9AADF9F2-F8EA-4A2C-8F0F-2C4846F1AA63}.Debug|Any CPU.Build.0 = Debug|Any CPU
		{9AADF9F2-F8EA-4A2C-8F0F-2C4846F1AA63}.Release|Any CPU.ActiveCfg = Release|Any CPU
		{9AADF9F2-F8EA-4A2C-8F0F-2C4846F1AA63}.Release|Any CPU.Build.0 = Release|Any CPU
		{B5D972CE-E171-4253-BA8C-FBD6029776AB}.Debug|Any CPU.ActiveCfg = Debug|Any CPU
		{B5D972CE-E171-4253-BA8C-FBD6029776AB}.Debug|Any CPU.Build.0 = Debug|Any CPU
		{B5D972CE-E171-4253-BA8C-FBD6029776AB}.Release|Any CPU.ActiveCfg = Release|Any CPU
		{B5D972CE-E171-4253-BA8C-FBD6029776AB}.Release|Any CPU.Build.0 = Release|Any CPU
		{380B6A98-FEBE-4F10-9A93-6E45EECAEC8D}.Debug|Any CPU.ActiveCfg = Debug|Any CPU
		{380B6A98-FEBE-4F10-9A93-6E45EECAEC8D}.Debug|Any CPU.Build.0 = Debug|Any CPU
		{380B6A98-FEBE-4F10-9A93-6E45EECAEC8D}.Release|Any CPU.ActiveCfg = Release|Any CPU
		{380B6A98-FEBE-4F10-9A93-6E45EECAEC8D}.Release|Any CPU.Build.0 = Release|Any CPU
		{727BB451-DACB-4D34-983A-9A53454006A5}.Debug|Any CPU.ActiveCfg = Debug|Any CPU
		{727BB451-DACB-4D34-983A-9A53454006A5}.Debug|Any CPU.Build.0 = Debug|Any CPU
		{727BB451-DACB-4D34-983A-9A53454006A5}.Release|Any CPU.ActiveCfg = Release|Any CPU
		{727BB451-DACB-4D34-983A-9A53454006A5}.Release|Any CPU.Build.0 = Release|Any CPU
		{84C61B79-4FCF-4B0B-BEE8-88A2A5FF8C50}.Debug|Any CPU.ActiveCfg = Debug|Any CPU
		{84C61B79-4FCF-4B0B-BEE8-88A2A5FF8C50}.Debug|Any CPU.Build.0 = Debug|Any CPU
		{84C61B79-4FCF-4B0B-BEE8-88A2A5FF8C50}.Release|Any CPU.ActiveCfg = Release|Any CPU
		{84C61B79-4FCF-4B0B-BEE8-88A2A5FF8C50}.Release|Any CPU.Build.0 = Release|Any CPU
	EndGlobalSection
	GlobalSection(SolutionProperties) = preSolution
		HideSolutionNode = FALSE
	EndGlobalSection
	GlobalSection(NestedProjects) = preSolution
		{9AADF9F2-F8EA-4A2C-8F0F-2C4846F1AA63} = {F2BB54AE-4C86-4420-8824-C1D954780C24}
		{B5D972CE-E171-4253-BA8C-FBD6029776AB} = {CD393FD2-7AC4-4A3C-9890-46E731F3B192}
		{380B6A98-FEBE-4F10-9A93-6E45EECAEC8D} = {4DB5D823-C72B-45FF-9A61-EB77C15D8504}
		{727BB451-DACB-4D34-983A-9A53454006A5} = {CD393FD2-7AC4-4A3C-9890-46E731F3B192}
		{84C61B79-4FCF-4B0B-BEE8-88A2A5FF8C50} = {C9120E7E-93DA-42A4-96B9-3924824275DB}
	EndGlobalSection
	GlobalSection(ExtensibilityGlobals) = postSolution
		SolutionGuid = {FE09A961-F204-41C5-959F-6DA5DCB87521}
	EndGlobalSection
EndGlobal
